// !$*UTF8*$!
{
	archiveVersion = 1;
	classes = {
	};
	objectVersion = 77;
	objects = {

/* Begin PBXBuildFile section */
		007A1BEDAC913A734E4E1063 /* DetailView.swift in Sources */ = {isa = PBXBuildFile; fileRef = 431BE4339053AEF3AE2CF05F /* DetailView.swift */; };
		01EA600010FB6A21B1369EB7 /* StandardSymbolImage.swift in Sources */ = {isa = PBXBuildFile; fileRef = 65709546B006DA9D20524DAB /* StandardSymbolImage.swift */; };
		081AAC13F1463486E8BF61DB /* RootView.swift in Sources */ = {isa = PBXBuildFile; fileRef = 406C07FCC50023097329C0F0 /* RootView.swift */; };
		0E0E5EBA924D20E5E16D3BB0 /* SecretEntry.swift in Sources */ = {isa = PBXBuildFile; fileRef = F6D61FBE3F7EB9133F782451 /* SecretEntry.swift */; };
		163A947F739B3DCF900D197D /* DesignTokens.swift in Sources */ = {isa = PBXBuildFile; fileRef = 3C5639CC3BCB1D0E11F28D46 /* DesignTokens.swift */; };
		18C57787FBE1E434954FD73E /* AuthManager.swift in Sources */ = {isa = PBXBuildFile; fileRef = 4A3EBB4F6C40B12EA23236D7 /* AuthManager.swift */; };
		1BFAA40CE827642D0F7ECFB4 /* ProjectRow.swift in Sources */ = {isa = PBXBuildFile; fileRef = 8CB54205F1069BFE42F196B8 /* ProjectRow.swift */; };
		476C89B13C4ADA039B7D9AF9 /* Theme.swift in Sources */ = {isa = PBXBuildFile; fileRef = B1EAD7DE4A8B36653BE31265 /* Theme.swift */; };
		48737485276EE64705952678 /* VaultCrypto.swift in Sources */ = {isa = PBXBuildFile; fileRef = 7177A10ED3F1193D2D87B92E /* VaultCrypto.swift */; };
		53D1DE2087BE41BF03FA6062 /* ProviderSectionHeader.swift in Sources */ = {isa = PBXBuildFile; fileRef = 65D1C0A8F5AFDF52B6270DB0 /* ProviderSectionHeader.swift */; };
		5E98399DF3D64F854CEA9116 /* ProviderPreset.swift in Sources */ = {isa = PBXBuildFile; fileRef = 177D99CBF4A21989CBD471D5 /* ProviderPreset.swift */; };
		644FBFE15A4628ABC8A308CC /* SecretManagerApp.swift in Sources */ = {isa = PBXBuildFile; fileRef = 3E00BEB2390F419ECBA5D6E2 /* SecretManagerApp.swift */; };
		67E727DD426F3A06B71E7ECD /* ExportModels.swift in Sources */ = {isa = PBXBuildFile; fileRef = 04C4F46E678A09BD000B8B1F /* ExportModels.swift */; };
		723B83E89A393A805F648F0A /* ThemeCardBackground.swift in Sources */ = {isa = PBXBuildFile; fileRef = 4B5F9B4B16C6B66D647DA302 /* ThemeCardBackground.swift */; };
		880BF34306733A14BE3E56D4 /* Project.swift in Sources */ = {isa = PBXBuildFile; fileRef = 682A07D0E8B59C5E11C18CC0 /* Project.swift */; };
		926EFC048F7207DEB2A61AFA /* SidebarSectionHeader.swift in Sources */ = {isa = PBXBuildFile; fileRef = EA393B2844117EB4B7EBCD68 /* SidebarSectionHeader.swift */; };
		95C33AB652119E735967C4EA /* SecretRow.swift in Sources */ = {isa = PBXBuildFile; fileRef = 9B04C8D35712B0C54BC8F846 /* SecretRow.swift */; };
		A9AFE685042C2A59436369F7 /* VaultKeychain.swift in Sources */ = {isa = PBXBuildFile; fileRef = 95A1B939CCFCA93A2BAF3BA8 /* VaultKeychain.swift */; };
		B0B4C3EAAF9FF290D76CC36E /* SidebarView.swift in Sources */ = {isa = PBXBuildFile; fileRef = DA43483F57FBE68060DD40E4 /* SidebarView.swift */; };
		B7B014F7F28537ECF0A4024F /* KeychainMigration.swift in Sources */ = {isa = PBXBuildFile; fileRef = 1735685B0161D143822BE24D /* KeychainMigration.swift */; };
		D258B6DB08A9433F7A7DEE9B /* Notifications.swift in Sources */ = {isa = PBXBuildFile; fileRef = 6FD6AA1FFEBE7A7610C03232 /* Notifications.swift */; };
		E3D4A89D5533BD709DE6C9EA /* Assets.xcassets in Resources */ = {isa = PBXBuildFile; fileRef = 99CBABDD9DEBE9009A1C718A /* Assets.xcassets */; };
		EB0BAE1C983B1BC06260F629 /* AppStore.swift in Sources */ = {isa = PBXBuildFile; fileRef = 6F11CD0AF34871B41C9A6FCE /* AppStore.swift */; };
		FB73BCEBA4074ED90B13073D /* AppSupportMigration.swift in Sources */ = {isa = PBXBuildFile; fileRef = EE4224CC9C964410638DF7EA /* AppSupportMigration.swift */; };
/* End PBXBuildFile section */

/* Begin PBXFileReference section */
		04C4F46E678A09BD000B8B1F /* ExportModels.swift */ = {isa = PBXFileReference; lastKnownFileType = sourcecode.swift; path = ExportModels.swift; sourceTree = "<group>"; };
		1735685B0161D143822BE24D /* KeychainMigration.swift */ = {isa = PBXFileReference; lastKnownFileType = sourcecode.swift; path = KeychainMigration.swift; sourceTree = "<group>"; };
		177D99CBF4A21989CBD471D5 /* ProviderPreset.swift */ = {isa = PBXFileReference; lastKnownFileType = sourcecode.swift; path = ProviderPreset.swift; sourceTree = "<group>"; };
		3C5639CC3BCB1D0E11F28D46 /* DesignTokens.swift */ = {isa = PBXFileReference; lastKnownFileType = sourcecode.swift; path = DesignTokens.swift; sourceTree = "<group>"; };
		3E00BEB2390F419ECBA5D6E2 /* SecretManagerApp.swift */ = {isa = PBXFileReference; lastKnownFileType = sourcecode.swift; path = SecretManagerApp.swift; sourceTree = "<group>"; };
		406C07FCC50023097329C0F0 /* RootView.swift */ = {isa = PBXFileReference; lastKnownFileType = sourcecode.swift; path = RootView.swift; sourceTree = "<group>"; };
		431BE4339053AEF3AE2CF05F /* DetailView.swift */ = {isa = PBXFileReference; lastKnownFileType = sourcecode.swift; path = DetailView.swift; sourceTree = "<group>"; };
		4A3EBB4F6C40B12EA23236D7 /* AuthManager.swift */ = {isa = PBXFileReference; lastKnownFileType = sourcecode.swift; path = AuthManager.swift; sourceTree = "<group>"; };
		4B5F9B4B16C6B66D647DA302 /* ThemeCardBackground.swift */ = {isa = PBXFileReference; lastKnownFileType = sourcecode.swift; path = ThemeCardBackground.swift; sourceTree = "<group>"; };
		65709546B006DA9D20524DAB /* StandardSymbolImage.swift */ = {isa = PBXFileReference; lastKnownFileType = sourcecode.swift; path = StandardSymbolImage.swift; sourceTree = "<group>"; };
		65D1C0A8F5AFDF52B6270DB0 /* ProviderSectionHeader.swift */ = {isa = PBXFileReference; lastKnownFileType = sourcecode.swift; path = ProviderSectionHeader.swift; sourceTree = "<group>"; };
		682A07D0E8B59C5E11C18CC0 /* Project.swift */ = {isa = PBXFileReference; lastKnownFileType = sourcecode.swift; path = Project.swift; sourceTree = "<group>"; };
		6F11CD0AF34871B41C9A6FCE /* AppStore.swift */ = {isa = PBXFileReference; lastKnownFileType = sourcecode.swift; path = AppStore.swift; sourceTree = "<group>"; };
		6FD6AA1FFEBE7A7610C03232 /* Notifications.swift */ = {isa = PBXFileReference; lastKnownFileType = sourcecode.swift; path = Notifications.swift; sourceTree = "<group>"; };
		7177A10ED3F1193D2D87B92E /* VaultCrypto.swift */ = {isa = PBXFileReference; lastKnownFileType = sourcecode.swift; path = VaultCrypto.swift; sourceTree = "<group>"; };
		78B9729B60960D82F9125BA4 /* envCove.app */ = {isa = PBXFileReference; explicitFileType = wrapper.application; includeInIndex = 0; path = envCove.app; sourceTree = BUILT_PRODUCTS_DIR; };
		8CB54205F1069BFE42F196B8 /* ProjectRow.swift */ = {isa = PBXFileReference; lastKnownFileType = sourcecode.swift; path = ProjectRow.swift; sourceTree = "<group>"; };
		95A1B939CCFCA93A2BAF3BA8 /* VaultKeychain.swift */ = {isa = PBXFileReference; lastKnownFileType = sourcecode.swift; path = VaultKeychain.swift; sourceTree = "<group>"; };
		99CBABDD9DEBE9009A1C718A /* Assets.xcassets */ = {isa = PBXFileReference; lastKnownFileType = folder.assetcatalog; path = Assets.xcassets; sourceTree = "<group>"; };
		9B04C8D35712B0C54BC8F846 /* SecretRow.swift */ = {isa = PBXFileReference; lastKnownFileType = sourcecode.swift; path = SecretRow.swift; sourceTree = "<group>"; };
		B1EAD7DE4A8B36653BE31265 /* Theme.swift */ = {isa = PBXFileReference; lastKnownFileType = sourcecode.swift; path = Theme.swift; sourceTree = "<group>"; };
		DA43483F57FBE68060DD40E4 /* SidebarView.swift */ = {isa = PBXFileReference; lastKnownFileType = sourcecode.swift; path = SidebarView.swift; sourceTree = "<group>"; };
		EA393B2844117EB4B7EBCD68 /* SidebarSectionHeader.swift */ = {isa = PBXFileReference; lastKnownFileType = sourcecode.swift; path = SidebarSectionHeader.swift; sourceTree = "<group>"; };
		EE4224CC9C964410638DF7EA /* AppSupportMigration.swift */ = {isa = PBXFileReference; lastKnownFileType = sourcecode.swift; path = AppSupportMigration.swift; sourceTree = "<group>"; };
		F6D61FBE3F7EB9133F782451 /* SecretEntry.swift */ = {isa = PBXFileReference; lastKnownFileType = sourcecode.swift; path = SecretEntry.swift; sourceTree = "<group>"; };
/* End PBXFileReference section */

/* Begin PBXGroup section */
		01F562A49F2F93641F77D8E9 /* Utilities */ = {
			isa = PBXGroup;
			children = (
				6FD6AA1FFEBE7A7610C03232 /* Notifications.swift */,
			);
			path = Utilities;
			sourceTree = "<group>";
		};
		154410066B036BAC52BFD6D9 /* Views */ = {
			isa = PBXGroup;
			children = (
				D06F334D45B261B82237EF1F /* Detail */,
				77963F20A35C4715802A045F /* Sidebar */,
			);
			path = Views;
			sourceTree = "<group>";
		};
		16D81145865662D4173FAA8E /* Theme */ = {
			isa = PBXGroup;
			children = (
				3C5639CC3BCB1D0E11F28D46 /* DesignTokens.swift */,
				B1EAD7DE4A8B36653BE31265 /* Theme.swift */,
			);
			path = Theme;
			sourceTree = "<group>";
		};
		2040D54240D0C89BF326E8CD /* App */ = {
			isa = PBXGroup;
			children = (
				406C07FCC50023097329C0F0 /* RootView.swift */,
				3E00BEB2390F419ECBA5D6E2 /* SecretManagerApp.swift */,
			);
			path = App;
			sourceTree = "<group>";
		};
		51EC4A43146CC161AB23A81A /* Sources */ = {
			isa = PBXGroup;
			children = (
				2040D54240D0C89BF326E8CD /* App */,
				F76AD4D54B795F722B71AFD1 /* Components */,
				993544E3488E51B1F972BBF9 /* Models */,
				62B2B6A5FA3C3C966FDF73E9 /* Services */,
				16D81145865662D4173FAA8E /* Theme */,
				01F562A49F2F93641F77D8E9 /* Utilities */,
				154410066B036BAC52BFD6D9 /* Views */,
			);
			path = Sources;
			sourceTree = "<group>";
		};
		54C93D8422198115F6D4E257 /* Products */ = {
			isa = PBXGroup;
			children = (
				78B9729B60960D82F9125BA4 /* envCove.app */,
			);
			name = Products;
			sourceTree = "<group>";
		};
		5CCC7C9A98C2E2808924AE55 /* Resources */ = {
			isa = PBXGroup;
			children = (
			);
			path = Resources;
			sourceTree = "<group>";
		};
		62B2B6A5FA3C3C966FDF73E9 /* Services */ = {
			isa = PBXGroup;
			children = (
				6F11CD0AF34871B41C9A6FCE /* AppStore.swift */,
				EE4224CC9C964410638DF7EA /* AppSupportMigration.swift */,
				4A3EBB4F6C40B12EA23236D7 /* AuthManager.swift */,
				1735685B0161D143822BE24D /* KeychainMigration.swift */,
				7177A10ED3F1193D2D87B92E /* VaultCrypto.swift */,
				95A1B939CCFCA93A2BAF3BA8 /* VaultKeychain.swift */,
			);
			path = Services;
			sourceTree = "<group>";
		};
		77963F20A35C4715802A045F /* Sidebar */ = {
			isa = PBXGroup;
			children = (
				8CB54205F1069BFE42F196B8 /* ProjectRow.swift */,
				DA43483F57FBE68060DD40E4 /* SidebarView.swift */,
			);
			path = Sidebar;
			sourceTree = "<group>";
		};
		7950F23BA1E4420D45AD1DEF = {
			isa = PBXGroup;
			children = (
				99CBABDD9DEBE9009A1C718A /* Assets.xcassets */,
				5CCC7C9A98C2E2808924AE55 /* Resources */,
				51EC4A43146CC161AB23A81A /* Sources */,
				54C93D8422198115F6D4E257 /* Products */,
			);
			sourceTree = "<group>";
		};
		993544E3488E51B1F972BBF9 /* Models */ = {
			isa = PBXGroup;
			children = (
				04C4F46E678A09BD000B8B1F /* ExportModels.swift */,
				682A07D0E8B59C5E11C18CC0 /* Project.swift */,
				177D99CBF4A21989CBD471D5 /* ProviderPreset.swift */,
				F6D61FBE3F7EB9133F782451 /* SecretEntry.swift */,
			);
			path = Models;
			sourceTree = "<group>";
		};
		D06F334D45B261B82237EF1F /* Detail */ = {
			isa = PBXGroup;
			children = (
				431BE4339053AEF3AE2CF05F /* DetailView.swift */,
				65D1C0A8F5AFDF52B6270DB0 /* ProviderSectionHeader.swift */,
				9B04C8D35712B0C54BC8F846 /* SecretRow.swift */,
			);
			path = Detail;
			sourceTree = "<group>";
		};
		F76AD4D54B795F722B71AFD1 /* Components */ = {
			isa = PBXGroup;
			children = (
				EA393B2844117EB4B7EBCD68 /* SidebarSectionHeader.swift */,
				65709546B006DA9D20524DAB /* StandardSymbolImage.swift */,
				4B5F9B4B16C6B66D647DA302 /* ThemeCardBackground.swift */,
			);
			path = Components;
			sourceTree = "<group>";
		};
/* End PBXGroup section */

/* Begin PBXNativeTarget section */
		4FDE2AAD208A4CB99DE1505A /* envCove */ = {
			isa = PBXNativeTarget;
			buildConfigurationList = B815F16DF03D640C07C7096C /* Build configuration list for PBXNativeTarget "envCove" */;
			buildPhases = (
				B01269630AEE3E4BE726B02E /* Sources */,
				FD3A2A960E57F0C518BEDE4D /* Resources */,
			);
			buildRules = (
			);
			dependencies = (
			);
			name = envCove;
			packageProductDependencies = (
			);
			productName = envCove;
			productReference = 78B9729B60960D82F9125BA4 /* envCove.app */;
			productType = "com.apple.product-type.application";
		};
/* End PBXNativeTarget section */

/* Begin PBXProject section */
		E517319F0BD68ADAE48E2A3C /* Project object */ = {
			isa = PBXProject;
			attributes = {
				BuildIndependentTargetsInParallel = YES;
				LastUpgradeCheck = 1600;
				TargetAttributes = {
				};
			};
			buildConfigurationList = 840155F90C2B222FC2C4CDC9 /* Build configuration list for PBXProject "envCove" */;
			developmentRegion = en;
			hasScannedForEncodings = 0;
			knownRegions = (
				Base,
				en,
			);
			mainGroup = 7950F23BA1E4420D45AD1DEF;
			minimizedProjectReferenceProxies = 1;
			preferredProjectObjectVersion = 77;
			productRefGroup = 54C93D8422198115F6D4E257 /* Products */;
			projectDirPath = "";
			projectRoot = "";
			targets = (
				4FDE2AAD208A4CB99DE1505A /* envCove */,
			);
		};
/* End PBXProject section */

/* Begin PBXResourcesBuildPhase section */
		FD3A2A960E57F0C518BEDE4D /* Resources */ = {
			isa = PBXResourcesBuildPhase;
			buildActionMask = 2147483647;
			files = (
				E3D4A89D5533BD709DE6C9EA /* Assets.xcassets in Resources */,
			);
			runOnlyForDeploymentPostprocessing = 0;
		};
/* End PBXResourcesBuildPhase section */

/* Begin PBXSourcesBuildPhase section */
		B01269630AEE3E4BE726B02E /* Sources */ = {
			isa = PBXSourcesBuildPhase;
			buildActionMask = 2147483647;
			files = (
				EB0BAE1C983B1BC06260F629 /* AppStore.swift in Sources */,
				FB73BCEBA4074ED90B13073D /* AppSupportMigration.swift in Sources */,
				18C57787FBE1E434954FD73E /* AuthManager.swift in Sources */,
				163A947F739B3DCF900D197D /* DesignTokens.swift in Sources */,
				007A1BEDAC913A734E4E1063 /* DetailView.swift in Sources */,
				67E727DD426F3A06B71E7ECD /* ExportModels.swift in Sources */,
				B7B014F7F28537ECF0A4024F /* KeychainMigration.swift in Sources */,
				D258B6DB08A9433F7A7DEE9B /* Notifications.swift in Sources */,
				880BF34306733A14BE3E56D4 /* Project.swift in Sources */,
				1BFAA40CE827642D0F7ECFB4 /* ProjectRow.swift in Sources */,
				5E98399DF3D64F854CEA9116 /* ProviderPreset.swift in Sources */,
				53D1DE2087BE41BF03FA6062 /* ProviderSectionHeader.swift in Sources */,
				081AAC13F1463486E8BF61DB /* RootView.swift in Sources */,
				0E0E5EBA924D20E5E16D3BB0 /* SecretEntry.swift in Sources */,
				644FBFE15A4628ABC8A308CC /* SecretManagerApp.swift in Sources */,
				95C33AB652119E735967C4EA /* SecretRow.swift in Sources */,
				926EFC048F7207DEB2A61AFA /* SidebarSectionHeader.swift in Sources */,
				B0B4C3EAAF9FF290D76CC36E /* SidebarView.swift in Sources */,
				01EA600010FB6A21B1369EB7 /* StandardSymbolImage.swift in Sources */,
				476C89B13C4ADA039B7D9AF9 /* Theme.swift in Sources */,
				723B83E89A393A805F648F0A /* ThemeCardBackground.swift in Sources */,
				48737485276EE64705952678 /* VaultCrypto.swift in Sources */,
				A9AFE685042C2A59436369F7 /* VaultKeychain.swift in Sources */,
			);
			runOnlyForDeploymentPostprocessing = 0;
		};
/* End PBXSourcesBuildPhase section */

/* Begin XCBuildConfiguration section */
		0DB290D26295673A73840901 /* Debug */ = {
			isa = XCBuildConfiguration;
			buildSettings = {
				ALWAYS_SEARCH_USER_PATHS = NO;
				CLANG_ANALYZER_NONNULL = YES;
				CLANG_ANALYZER_NUMBER_OBJECT_CONVERSION = YES_AGGRESSIVE;
				CLANG_CXX_LANGUAGE_STANDARD = "gnu++14";
				CLANG_CXX_LIBRARY = "libc++";
				CLANG_ENABLE_MODULES = YES;
				CLANG_ENABLE_OBJC_ARC = YES;
				CLANG_ENABLE_OBJC_WEAK = YES;
				CLANG_WARN_BLOCK_CAPTURE_AUTORELEASING = YES;
				CLANG_WARN_BOOL_CONVERSION = YES;
				CLANG_WARN_COMMA = YES;
				CLANG_WARN_CONSTANT_CONVERSION = YES;
				CLANG_WARN_DEPRECATED_OBJC_IMPLEMENTATIONS = YES;
				CLANG_WARN_DIRECT_OBJC_ISA_USAGE = YES_ERROR;
				CLANG_WARN_DOCUMENTATION_COMMENTS = YES;
				CLANG_WARN_EMPTY_BODY = YES;
				CLANG_WARN_ENUM_CONVERSION = YES;
				CLANG_WARN_INFINITE_RECURSION = YES;
				CLANG_WARN_INT_CONVERSION = YES;
				CLANG_WARN_NON_LITERAL_NULL_CONVERSION = YES;
				CLANG_WARN_OBJC_IMPLICIT_RETAIN_SELF = YES;
				CLANG_WARN_OBJC_LITERAL_CONVERSION = YES;
				CLANG_WARN_OBJC_ROOT_CLASS = YES_ERROR;
				CLANG_WARN_QUOTED_INCLUDE_IN_FRAMEWORK_HEADER = YES;
				CLANG_WARN_RANGE_LOOP_ANALYSIS = YES;
				CLANG_WARN_STRICT_PROTOTYPES = YES;
				CLANG_WARN_SUSPICIOUS_MOVE = YES;
				CLANG_WARN_UNGUARDED_AVAILABILITY = YES_AGGRESSIVE;
				CLANG_WARN_UNREACHABLE_CODE = YES;
				CLANG_WARN__DUPLICATE_METHOD_MATCH = YES;
				COPY_PHASE_STRIP = NO;
				DEBUG_INFORMATION_FORMAT = dwarf;
				ENABLE_STRICT_OBJC_MSGSEND = YES;
				ENABLE_TESTABILITY = YES;
				GCC_C_LANGUAGE_STANDARD = gnu11;
				GCC_DYNAMIC_NO_PIC = NO;
				GCC_NO_COMMON_BLOCKS = YES;
				GCC_OPTIMIZATION_LEVEL = 0;
				GCC_PREPROCESSOR_DEFINITIONS = (
					"$(inherited)",
					"DEBUG=1",
				);
				GCC_WARN_64_TO_32_BIT_CONVERSION = YES;
				GCC_WARN_ABOUT_RETURN_TYPE = YES_ERROR;
				GCC_WARN_UNDECLARED_SELECTOR = YES;
				GCC_WARN_UNINITIALIZED_AUTOS = YES_AGGRESSIVE;
				GCC_WARN_UNUSED_FUNCTION = YES;
				GCC_WARN_UNUSED_VARIABLE = YES;
				MACOSX_DEPLOYMENT_TARGET = 13.0;
				MTL_ENABLE_DEBUG_INFO = INCLUDE_SOURCE;
				MTL_FAST_MATH = YES;
				ONLY_ACTIVE_ARCH = YES;
				PRODUCT_NAME = "$(TARGET_NAME)";
				SDKROOT = macosx;
				SWIFT_ACTIVE_COMPILATION_CONDITIONS = DEBUG;
				SWIFT_OPTIMIZATION_LEVEL = "-Onone";
				SWIFT_VERSION = 5.9;
			};
			name = Debug;
		};
		0DF99B804A7FF732BEC90B3A /* Release */ = {
			isa = XCBuildConfiguration;
			buildSettings = {
				ALWAYS_SEARCH_USER_PATHS = NO;
				CLANG_ANALYZER_NONNULL = YES;
				CLANG_ANALYZER_NUMBER_OBJECT_CONVERSION = YES_AGGRESSIVE;
				CLANG_CXX_LANGUAGE_STANDARD = "gnu++14";
				CLANG_CXX_LIBRARY = "libc++";
				CLANG_ENABLE_MODULES = YES;
				CLANG_ENABLE_OBJC_ARC = YES;
				CLANG_ENABLE_OBJC_WEAK = YES;
				CLANG_WARN_BLOCK_CAPTURE_AUTORELEASING = YES;
				CLANG_WARN_BOOL_CONVERSION = YES;
				CLANG_WARN_COMMA = YES;
				CLANG_WARN_CONSTANT_CONVERSION = YES;
				CLANG_WARN_DEPRECATED_OBJC_IMPLEMENTATIONS = YES;
				CLANG_WARN_DIRECT_OBJC_ISA_USAGE = YES_ERROR;
				CLANG_WARN_DOCUMENTATION_COMMENTS = YES;
				CLANG_WARN_EMPTY_BODY = YES;
				CLANG_WARN_ENUM_CONVERSION = YES;
				CLANG_WARN_INFINITE_RECURSION = YES;
				CLANG_WARN_INT_CONVERSION = YES;
				CLANG_WARN_NON_LITERAL_NULL_CONVERSION = YES;
				CLANG_WARN_OBJC_IMPLICIT_RETAIN_SELF = YES;
				CLANG_WARN_OBJC_LITERAL_CONVERSION = YES;
				CLANG_WARN_OBJC_ROOT_CLASS = YES_ERROR;
				CLANG_WARN_QUOTED_INCLUDE_IN_FRAMEWORK_HEADER = YES;
				CLANG_WARN_RANGE_LOOP_ANALYSIS = YES;
				CLANG_WARN_STRICT_PROTOTYPES = YES;
				CLANG_WARN_SUSPICIOUS_MOVE = YES;
				CLANG_WARN_UNGUARDED_AVAILABILITY = YES_AGGRESSIVE;
				CLANG_WARN_UNREACHABLE_CODE = YES;
				CLANG_WARN__DUPLICATE_METHOD_MATCH = YES;
				COPY_PHASE_STRIP = NO;
				DEBUG_INFORMATION_FORMAT = "dwarf-with-dsym";
				ENABLE_NS_ASSERTIONS = NO;
				ENABLE_STRICT_OBJC_MSGSEND = YES;
				GCC_C_LANGUAGE_STANDARD = gnu11;
				GCC_NO_COMMON_BLOCKS = YES;
				GCC_WARN_64_TO_32_BIT_CONVERSION = YES;
				GCC_WARN_ABOUT_RETURN_TYPE = YES_ERROR;
				GCC_WARN_UNDECLARED_SELECTOR = YES;
				GCC_WARN_UNINITIALIZED_AUTOS = YES_AGGRESSIVE;
				GCC_WARN_UNUSED_FUNCTION = YES;
				GCC_WARN_UNUSED_VARIABLE = YES;
				MACOSX_DEPLOYMENT_TARGET = 13.0;
				MTL_ENABLE_DEBUG_INFO = NO;
				MTL_FAST_MATH = YES;
				PRODUCT_NAME = "$(TARGET_NAME)";
				SDKROOT = macosx;
				SWIFT_COMPILATION_MODE = wholemodule;
				SWIFT_OPTIMIZATION_LEVEL = "-O";
				SWIFT_VERSION = 5.9;
			};
			name = Release;
		};
		1FEEE971B75259C9D04BFCE6 /* Debug */ = {
			isa = XCBuildConfiguration;
			buildSettings = {
				ASSETCATALOG_COMPILER_APPICON_NAME = icon;
				CODE_SIGN_ENTITLEMENTS = SecretManager.entitlements;
				COMBINE_HIDPI_IMAGES = YES;
				ENABLE_HARDENED_RUNTIME = YES;
				INFOPLIST_FILE = Info.plist;
				LD_RUNPATH_SEARCH_PATHS = (
					"$(inherited)",
					"@executable_path/../Frameworks",
				);
				MACOSX_DEPLOYMENT_TARGET = 13.0;
				PRODUCT_BUNDLE_IDENTIFIER = com.daniel.secretmanager;
				PRODUCT_NAME = envCove;
				SDKROOT = macosx;
				SWIFT_VERSION = 5.9;
			};
			name = Debug;
		};
		BABFBEC61BB02FFC91336556 /* Release */ = {
			isa = XCBuildConfiguration;
			buildSettings = {
				ASSETCATALOG_COMPILER_APPICON_NAME = icon;
				CODE_SIGN_ENTITLEMENTS = SecretManager.entitlements;
				COMBINE_HIDPI_IMAGES = YES;
				ENABLE_HARDENED_RUNTIME = YES;
				INFOPLIST_FILE = Info.plist;
				LD_RUNPATH_SEARCH_PATHS = (
					"$(inherited)",
					"@executable_path/../Frameworks",
				);
				MACOSX_DEPLOYMENT_TARGET = 13.0;
				PRODUCT_BUNDLE_IDENTIFIER = com.daniel.secretmanager;
				PRODUCT_NAME = envCove;
				SDKROOT = macosx;
				SWIFT_VERSION = 5.9;
			};
			name = Release;
		};
/* End XCBuildConfiguration section */

/* Begin XCConfigurationList section */
		840155F90C2B222FC2C4CDC9 /* Build configuration list for PBXProject "envCove" */ = {
			isa = XCConfigurationList;
			buildConfigurations = (
				0DB290D26295673A73840901 /* Debug */,
				0DF99B804A7FF732BEC90B3A /* Release */,
			);
			defaultConfigurationIsVisible = 0;
			defaultConfigurationName = Debug;
		};
		B815F16DF03D640C07C7096C /* Build configuration list for PBXNativeTarget "envCove" */ = {
			isa = XCConfigurationList;
			buildConfigurations = (
				1FEEE971B75259C9D04BFCE6 /* Debug */,
				BABFBEC61BB02FFC91336556 /* Release */,
			);
			defaultConfigurationIsVisible = 0;
			defaultConfigurationName = Debug;
		};
/* End XCConfigurationList section */
	};
	rootObject = E517319F0BD68ADAE48E2A3C /* Project object */;
}
